// !$*UTF8*$!
{
	archiveVersion = 1;
	classes = {
	};
	objectVersion = 56;
	objects = {

/* Begin PBXBuildFile section */
		ED3DB98628AA8F750093A7E9 /* AppDelegate.swift in Sources */ = {isa = PBXBuildFile; fileRef = ED3DB98528AA8F750093A7E9 /* AppDelegate.swift */; };
		ED3DB98828AA8F750093A7E9 /* SceneDelegate.swift in Sources */ = {isa = PBXBuildFile; fileRef = ED3DB98728AA8F750093A7E9 /* SceneDelegate.swift */; };
		ED3DB98A28AA8F750093A7E9 /* ToDoListViewController.swift in Sources */ = {isa = PBXBuildFile; fileRef = ED3DB98928AA8F750093A7E9 /* ToDoListViewController.swift */; };
		ED3DB98D28AA8F750093A7E9 /* Main.storyboard in Resources */ = {isa = PBXBuildFile; fileRef = ED3DB98B28AA8F750093A7E9 /* Main.storyboard */; };
		ED3DB99028AA8F750093A7E9 /* Todoey.xcdatamodeld in Sources */ = {isa = PBXBuildFile; fileRef = ED3DB98E28AA8F750093A7E9 /* Todoey.xcdatamodeld */; };
		ED3DB99228AA8F770093A7E9 /* Assets.xcassets in Resources */ = {isa = PBXBuildFile; fileRef = ED3DB99128AA8F770093A7E9 /* Assets.xcassets */; };
		ED3DB99528AA8F770093A7E9 /* LaunchScreen.storyboard in Resources */ = {isa = PBXBuildFile; fileRef = ED3DB99328AA8F770093A7E9 /* LaunchScreen.storyboard */; };
		ED63F0E028F04A1F00C58DDD /* Realm in Frameworks */ = {isa = PBXBuildFile; productRef = ED63F0DF28F04A1F00C58DDD /* Realm */; };
		ED63F0E228F04A1F00C58DDD /* RealmSwift in Frameworks */ = {isa = PBXBuildFile; productRef = ED63F0E128F04A1F00C58DDD /* RealmSwift */; };
		ED63F0E428F04C6900C58DDD /* Category.swift in Sources */ = {isa = PBXBuildFile; fileRef = ED63F0E328F04C6900C58DDD /* Category.swift */; };
		ED63F0E628F04C7600C58DDD /* Item.swift in Sources */ = {isa = PBXBuildFile; fileRef = ED63F0E528F04C7600C58DDD /* Item.swift */; };
		ED7C587428D48BAC00FF3AC5 /* CategoryViewController.swift in Sources */ = {isa = PBXBuildFile; fileRef = ED7C587328D48BAC00FF3AC5 /* CategoryViewController.swift */; };
/* End PBXBuildFile section */

/* Begin PBXFileReference section */
		ED3DB98228AA8F750093A7E9 /* Todoey.app */ = {isa = PBXFileReference; explicitFileType = wrapper.application; includeInIndex = 0; path = Todoey.app; sourceTree = BUILT_PRODUCTS_DIR; };
		ED3DB98528AA8F750093A7E9 /* AppDelegate.swift */ = {isa = PBXFileReference; lastKnownFileType = sourcecode.swift; path = AppDelegate.swift; sourceTree = "<group>"; };
		ED3DB98728AA8F750093A7E9 /* SceneDelegate.swift */ = {isa = PBXFileReference; lastKnownFileType = sourcecode.swift; path = SceneDelegate.swift; sourceTree = "<group>"; };
		ED3DB98928AA8F750093A7E9 /* ToDoListViewController.swift */ = {isa = PBXFileReference; lastKnownFileType = sourcecode.swift; path = ToDoListViewController.swift; sourceTree = "<group>"; };
		ED3DB98C28AA8F750093A7E9 /* Base */ = {isa = PBXFileReference; lastKnownFileType = file.storyboard; name = Base; path = Base.lproj/Main.storyboard; sourceTree = "<group>"; };
		ED3DB98F28AA8F750093A7E9 /* Todoey.xcdatamodel */ = {isa = PBXFileReference; lastKnownFileType = wrapper.xcdatamodel; path = Todoey.xcdatamodel; sourceTree = "<group>"; };
		ED3DB99128AA8F770093A7E9 /* Assets.xcassets */ = {isa = PBXFileReference; lastKnownFileType = folder.assetcatalog; path = Assets.xcassets; sourceTree = "<group>"; };
		ED3DB99428AA8F770093A7E9 /* Base */ = {isa = PBXFileReference; lastKnownFileType = file.storyboard; name = Base; path = Base.lproj/LaunchScreen.storyboard; sourceTree = "<group>"; };
		ED3DB99628AA8F770093A7E9 /* Info.plist */ = {isa = PBXFileReference; lastKnownFileType = text.plist.xml; path = Info.plist; sourceTree = "<group>"; };
		ED63F0E328F04C6900C58DDD /* Category.swift */ = {isa = PBXFileReference; lastKnownFileType = sourcecode.swift; path = Category.swift; sourceTree = "<group>"; };
		ED63F0E528F04C7600C58DDD /* Item.swift */ = {isa = PBXFileReference; lastKnownFileType = sourcecode.swift; path = Item.swift; sourceTree = "<group>"; };
		ED7C587328D48BAC00FF3AC5 /* CategoryViewController.swift */ = {isa = PBXFileReference; lastKnownFileType = sourcecode.swift; path = CategoryViewController.swift; sourceTree = "<group>"; };
/* End PBXFileReference section */

/* Begin PBXFrameworksBuildPhase section */
		ED3DB97F28AA8F750093A7E9 /* Frameworks */ = {
			isa = PBXFrameworksBuildPhase;
			buildActionMask = 2147483647;
			files = (
				ED63F0E228F04A1F00C58DDD /* RealmSwift in Frameworks */,
				ED63F0E028F04A1F00C58DDD /* Realm in Frameworks */,
			);
			runOnlyForDeploymentPostprocessing = 0;
		};
/* End PBXFrameworksBuildPhase section */

/* Begin PBXGroup section */
		ED3DB97928AA8F750093A7E9 = {
			isa = PBXGroup;
			children = (
				ED3DB98428AA8F750093A7E9 /* Todoey */,
				ED3DB98328AA8F750093A7E9 /* Products */,
			);
			sourceTree = "<group>";
		};
		ED3DB98328AA8F750093A7E9 /* Products */ = {
			isa = PBXGroup;
			children = (
				ED3DB98228AA8F750093A7E9 /* Todoey.app */,
			);
			name = Products;
			sourceTree = "<group>";
		};
		ED3DB98428AA8F750093A7E9 /* Todoey */ = {
			isa = PBXGroup;
			children = (
				ED3DB98528AA8F750093A7E9 /* AppDelegate.swift */,
				ED3DB98728AA8F750093A7E9 /* SceneDelegate.swift */,
				ED6E37F028B2441A001D6DED /* DataModel */,
				ED6E37F128B2442D001D6DED /* Views */,
				ED6E37F228B2443A001D6DED /* Controller */,
				ED50946128BA351E003679A9 /* Supporting Files */,
			);
			path = Todoey;
			sourceTree = "<group>";
		};
		ED50946128BA351E003679A9 /* Supporting Files */ = {
			isa = PBXGroup;
			children = (
				ED3DB99628AA8F770093A7E9 /* Info.plist */,
				ED3DB98E28AA8F750093A7E9 /* Todoey.xcdatamodeld */,
				ED3DB99128AA8F770093A7E9 /* Assets.xcassets */,
			);
			path = "Supporting Files";
			sourceTree = "<group>";
		};
		ED6E37F028B2441A001D6DED /* DataModel */ = {
			isa = PBXGroup;
			children = (
				ED63F0E528F04C7600C58DDD /* Item.swift */,
				ED63F0E328F04C6900C58DDD /* Category.swift */,
			);
			path = DataModel;
			sourceTree = "<group>";
		};
		ED6E37F128B2442D001D6DED /* Views */ = {
			isa = PBXGroup;
			children = (
				ED3DB98B28AA8F750093A7E9 /* Main.storyboard */,
				ED3DB99328AA8F770093A7E9 /* LaunchScreen.storyboard */,
			);
			path = Views;
			sourceTree = "<group>";
		};
		ED6E37F228B2443A001D6DED /* Controller */ = {
			isa = PBXGroup;
			children = (
				ED7C587328D48BAC00FF3AC5 /* CategoryViewController.swift */,
				ED3DB98928AA8F750093A7E9 /* ToDoListViewController.swift */,
			);
			path = Controller;
			sourceTree = "<group>";
		};
/* End PBXGroup section */

/* Begin PBXNativeTarget section */
		ED3DB98128AA8F750093A7E9 /* Todoey */ = {
			isa = PBXNativeTarget;
			buildConfigurationList = ED3DB99928AA8F770093A7E9 /* Build configuration list for PBXNativeTarget "Todoey" */;
			buildPhases = (
				ED3DB97E28AA8F750093A7E9 /* Sources */,
				ED3DB97F28AA8F750093A7E9 /* Frameworks */,
				ED3DB98028AA8F750093A7E9 /* Resources */,
			);
			buildRules = (
			);
			dependencies = (
			);
			name = Todoey;
			packageProductDependencies = (
				ED63F0DF28F04A1F00C58DDD /* Realm */,
				ED63F0E128F04A1F00C58DDD /* RealmSwift */,
			);
			productName = Todoey;
			productReference = ED3DB98228AA8F750093A7E9 /* Todoey.app */;
			productType = "com.apple.product-type.application";
		};
/* End PBXNativeTarget section */

/* Begin PBXProject section */
		ED3DB97A28AA8F750093A7E9 /* Project object */ = {
			isa = PBXProject;
			attributes = {
				BuildIndependentTargetsInParallel = 1;
				LastSwiftUpdateCheck = 1400;
				LastUpgradeCheck = 1400;
				TargetAttributes = {
					ED3DB98128AA8F750093A7E9 = {
						CreatedOnToolsVersion = 14.0;
					};
				};
			};
			buildConfigurationList = ED3DB97D28AA8F750093A7E9 /* Build configuration list for PBXProject "Todoey" */;
			compatibilityVersion = "Xcode 14.0";
			developmentRegion = en;
			hasScannedForEncodings = 0;
			knownRegions = (
				en,
				Base,
			);
			mainGroup = ED3DB97928AA8F750093A7E9;
			packageReferences = (
				ED63F0DE28F04A1F00C58DDD /* XCRemoteSwiftPackageReference "realm-swift" */,
			);
			productRefGroup = ED3DB98328AA8F750093A7E9 /* Products */;
			projectDirPath = "";
			projectRoot = "";
			targets = (
				ED3DB98128AA8F750093A7E9 /* Todoey */,
			);
		};
/* End PBXProject section */

/* Begin PBXResourcesBuildPhase section */
		ED3DB98028AA8F750093A7E9 /* Resources */ = {
			isa = PBXResourcesBuildPhase;
			buildActionMask = 2147483647;
			files = (
				ED3DB99528AA8F770093A7E9 /* LaunchScreen.storyboard in Resources */,
				ED3DB99228AA8F770093A7E9 /* Assets.xcassets in Resources */,
				ED3DB98D28AA8F750093A7E9 /* Main.storyboard in Resources */,
			);
			runOnlyForDeploymentPostprocessing = 0;
		};
/* End PBXResourcesBuildPhase section */

/* Begin PBXSourcesBuildPhase section */
		ED3DB97E28AA8F750093A7E9 /* Sources */ = {
			isa = PBXSourcesBuildPhase;
			buildActionMask = 2147483647;
			files = (
				ED3DB98A28AA8F750093A7E9 /* ToDoListViewController.swift in Sources */,
				ED3DB98628AA8F750093A7E9 /* AppDelegate.swift in Sources */,
				ED7C587428D48BAC00FF3AC5 /* CategoryViewController.swift in Sources */,
				ED3DB98828AA8F750093A7E9 /* SceneDelegate.swift in Sources */,
				ED63F0E628F04C7600C58DDD /* Item.swift in Sources */,
				ED3DB99028AA8F750093A7E9 /* Todoey.xcdatamodeld in Sources */,
				ED63F0E428F04C6900C58DDD /* Category.swift in Sources */,
			);
			runOnlyForDeploymentPostprocessing = 0;
		};
/* End PBXSourcesBuildPhase section */

/* Begin PBXVariantGroup section */
		ED3DB98B28AA8F750093A7E9 /* Main.storyboard */ = {
			isa = PBXVariantGroup;
			children = (
				ED3DB98C28AA8F750093A7E9 /* Base */,
			);
			name = Main.storyboard;
			sourceTree = "<group>";
		};
		ED3DB99328AA8F770093A7E9 /* LaunchScreen.storyboard */ = {
			isa = PBXVariantGroup;
			children = (
				ED3DB99428AA8F770093A7E9 /* Base */,
			);
			name = LaunchScreen.storyboard;
			sourceTree = "<group>";
		};
/* End PBXVariantGroup section */

/* Begin XCBuildConfiguration section */
		ED3DB99728AA8F770093A7E9 /* Debug */ = {
			isa = XCBuildConfiguration;
			buildSettings = {
				ALWAYS_SEARCH_USER_PATHS = NO;
				CLANG_ANALYZER_NONNULL = YES;
				CLANG_ANALYZER_NUMBER_OBJECT_CONVERSION = YES_AGGRESSIVE;
				CLANG_CXX_LANGUAGE_STANDARD = "gnu++20";
				CLANG_ENABLE_MODULES = YES;
				CLANG_ENABLE_OBJC_ARC = YES;
				CLANG_ENABLE_OBJC_WEAK = YES;
				CLANG_WARN_BLOCK_CAPTURE_AUTORELEASING = YES;
				CLANG_WARN_BOOL_CONVERSION = YES;
				CLANG_WARN_COMMA = YES;
				CLANG_WARN_CONSTANT_CONVERSION = YES;
				CLANG_WARN_DEPRECATED_OBJC_IMPLEMENTATIONS = YES;
				CLANG_WARN_DIRECT_OBJC_ISA_USAGE = YES_ERROR;
				CLANG_WARN_DOCUMENTATION_COMMENTS = YES;
				CLANG_WARN_EMPTY_BODY = YES;
				CLANG_WARN_ENUM_CONVERSION = YES;
				CLANG_WARN_INFINITE_RECURSION = YES;
				CLANG_WARN_INT_CONVERSION = YES;
				CLANG_WARN_NON_LITERAL_NULL_CONVERSION = YES;
				CLANG_WARN_OBJC_IMPLICIT_RETAIN_SELF = YES;
				CLANG_WARN_OBJC_LITERAL_CONVERSION = YES;
				CLANG_WARN_OBJC_ROOT_CLASS = YES_ERROR;
				CLANG_WARN_QUOTED_INCLUDE_IN_FRAMEWORK_HEADER = YES;
				CLANG_WARN_RANGE_LOOP_ANALYSIS = YES;
				CLANG_WARN_STRICT_PROTOTYPES = YES;
				CLANG_WARN_SUSPICIOUS_MOVE = YES;
				CLANG_WARN_UNGUARDED_AVAILABILITY = YES_AGGRESSIVE;
				CLANG_WARN_UNREACHABLE_CODE = YES;
				CLANG_WARN__DUPLICATE_METHOD_MATCH = YES;
				COPY_PHASE_STRIP = NO;
				DEBUG_INFORMATION_FORMAT = dwarf;
				ENABLE_STRICT_OBJC_MSGSEND = YES;
				ENABLE_TESTABILITY = YES;
				GCC_C_LANGUAGE_STANDARD = gnu11;
				GCC_DYNAMIC_NO_PIC = NO;
				GCC_NO_COMMON_BLOCKS = YES;
				GCC_OPTIMIZATION_LEVEL = 0;
				GCC_PREPROCESSOR_DEFINITIONS = (
					"DEBUG=1",
					"$(inherited)",
				);
				GCC_WARN_64_TO_32_BIT_CONVERSION = YES;
				GCC_WARN_ABOUT_RETURN_TYPE = YES_ERROR;
				GCC_WARN_UNDECLARED_SELECTOR = YES;
				GCC_WARN_UNINITIALIZED_AUTOS = YES_AGGRESSIVE;
				GCC_WARN_UNUSED_FUNCTION = YES;
				GCC_WARN_UNUSED_VARIABLE = YES;
				IPHONEOS_DEPLOYMENT_TARGET = 14.0;
				MTL_ENABLE_DEBUG_INFO = INCLUDE_SOURCE;
				MTL_FAST_MATH = YES;
				ONLY_ACTIVE_ARCH = YES;
				SDKROOT = iphoneos;
				SWIFT_ACTIVE_COMPILATION_CONDITIONS = DEBUG;
				SWIFT_OPTIMIZATION_LEVEL = "-Onone";
			};
			name = Debug;
		};
		ED3DB99828AA8F770093A7E9 /* Release */ = {
			isa = XCBuildConfiguration;
			buildSettings = {
				ALWAYS_SEARCH_USER_PATHS = NO;
				CLANG_ANALYZER_NONNULL = YES;
				CLANG_ANALYZER_NUMBER_OBJECT_CONVERSION = YES_AGGRESSIVE;
				CLANG_CXX_LANGUAGE_STANDARD = "gnu++20";
				CLANG_ENABLE_MODULES = YES;
				CLANG_ENABLE_OBJC_ARC = YES;
				CLANG_ENABLE_OBJC_WEAK = YES;
				CLANG_WARN_BLOCK_CAPTURE_AUTORELEASING = YES;
				CLANG_WARN_BOOL_CONVERSION = YES;
				CLANG_WARN_COMMA = YES;
				CLANG_WARN_CONSTANT_CONVERSION = YES;
				CLANG_WARN_DEPRECATED_OBJC_IMPLEMENTATIONS = YES;
				CLANG_WARN_DIRECT_OBJC_ISA_USAGE = YES_ERROR;
				CLANG_WARN_DOCUMENTATION_COMMENTS = YES;
				CLANG_WARN_EMPTY_BODY = YES;
				CLANG_WARN_ENUM_CONVERSION = YES;
				CLANG_WARN_INFINITE_RECURSION = YES;
				CLANG_WARN_INT_CONVERSION = YES;
				CLANG_WARN_NON_LITERAL_NULL_CONVERSION = YES;
				CLANG_WARN_OBJC_IMPLICIT_RETAIN_SELF = YES;
				CLANG_WARN_OBJC_LITERAL_CONVERSION = YES;
				CLANG_WARN_OBJC_ROOT_CLASS = YES_ERROR;
				CLANG_WARN_QUOTED_INCLUDE_IN_FRAMEWORK_HEADER = YES;
				CLANG_WARN_RANGE_LOOP_ANALYSIS = YES;
				CLANG_WARN_STRICT_PROTOTYPES = YES;
				CLANG_WARN_SUSPICIOUS_MOVE = YES;
				CLANG_WARN_UNGUARDED_AVAILABILITY = YES_AGGRESSIVE;
				CLANG_WARN_UNREACHABLE_CODE = YES;
				CLANG_WARN__DUPLICATE_METHOD_MATCH = YES;
				COPY_PHASE_STRIP = NO;
				DEBUG_INFORMATION_FORMAT = "dwarf-with-dsym";
				ENABLE_NS_ASSERTIONS = NO;
				ENABLE_STRICT_OBJC_MSGSEND = YES;
				GCC_C_LANGUAGE_STANDARD = gnu11;
				GCC_NO_COMMON_BLOCKS = YES;
				GCC_WARN_64_TO_32_BIT_CONVERSION = YES;
				GCC_WARN_ABOUT_RETURN_TYPE = YES_ERROR;
				GCC_WARN_UNDECLARED_SELECTOR = YES;
				GCC_WARN_UNINITIALIZED_AUTOS = YES_AGGRESSIVE;
				GCC_WARN_UNUSED_FUNCTION = YES;
				GCC_WARN_UNUSED_VARIABLE = YES;
				IPHONEOS_DEPLOYMENT_TARGET = 14.0;
				MTL_ENABLE_DEBUG_INFO = NO;
				MTL_FAST_MATH = YES;
				SDKROOT = iphoneos;
				SWIFT_COMPILATION_MODE = wholemodule;
				SWIFT_OPTIMIZATION_LEVEL = "-O";
				VALIDATE_PRODUCT = YES;
			};
			name = Release;
		};
		ED3DB99A28AA8F770093A7E9 /* Debug */ = {
			isa = XCBuildConfiguration;
			buildSettings = {
				ASSETCATALOG_COMPILER_APPICON_NAME = AppIcon;
				ASSETCATALOG_COMPILER_GLOBAL_ACCENT_COLOR_NAME = AccentColor;
				CODE_SIGN_STYLE = Automatic;
				CURRENT_PROJECT_VERSION = 1;
				DEVELOPMENT_TEAM = S7HD7PPB8U;
				GENERATE_INFOPLIST_FILE = YES;
				INFOPLIST_FILE = "Todoey/Supporting Files/Info.plist";
				INFOPLIST_KEY_LSApplicationCategoryType = "public.app-category.productivity";
				INFOPLIST_KEY_UIApplicationSupportsIndirectInputEvents = YES;
				INFOPLIST_KEY_UILaunchStoryboardName = LaunchScreen.storyboard;
				INFOPLIST_KEY_UIMainStoryboardFile = Main;
				INFOPLIST_KEY_UIRequiresFullScreen = YES;
				INFOPLIST_KEY_UIStatusBarStyle = "";
				INFOPLIST_KEY_UISupportedInterfaceOrientations = UIInterfaceOrientationPortrait;
				IPHONEOS_DEPLOYMENT_TARGET = 14.0;
				LD_RUNPATH_SEARCH_PATHS = (
					"$(inherited)",
					"@executable_path/Frameworks",
				);
				MARKETING_VERSION = 1.0.1;
				PRODUCT_BUNDLE_IDENTIFIER = i9orila.Todoey;
				PRODUCT_NAME = "$(TARGET_NAME)";
				SWIFT_EMIT_LOC_STRINGS = YES;
				SWIFT_VERSION = 5.0;
				TARGETED_DEVICE_FAMILY = "1,2";
			};
			name = Debug;
		};
		ED3DB99B28AA8F770093A7E9 /* Release */ = {
			isa = XCBuildConfiguration;
			buildSettings = {
				ASSETCATALOG_COMPILER_APPICON_NAME = AppIcon;
				ASSETCATALOG_COMPILER_GLOBAL_ACCENT_COLOR_NAME = AccentColor;
				CODE_SIGN_STYLE = Automatic;
				CURRENT_PROJECT_VERSION = 1;
				DEVELOPMENT_TEAM = S7HD7PPB8U;
				GENERATE_INFOPLIST_FILE = YES;
				INFOPLIST_FILE = "Todoey/Supporting Files/Info.plist";
				INFOPLIST_KEY_LSApplicationCategoryType = "public.app-category.productivity";
				INFOPLIST_KEY_UIApplicationSupportsIndirectInputEvents = YES;
				INFOPLIST_KEY_UILaunchStoryboardName = LaunchScreen.storyboard;
				INFOPLIST_KEY_UIMainStoryboardFile = Main;
				INFOPLIST_KEY_UIRequiresFullScreen = YES;
				INFOPLIST_KEY_UIStatusBarStyle = "";
				INFOPLIST_KEY_UISupportedInterfaceOrientations = UIInterfaceOrientationPortrait;
				IPHONEOS_DEPLOYMENT_TARGET = 14.0;
				LD_RUNPATH_SEARCH_PATHS = (
					"$(inherited)",
					"@executable_path/Frameworks",
				);
				MARKETING_VERSION = 1.0.1;
				PRODUCT_BUNDLE_IDENTIFIER = i9orila.Todoey;
				PRODUCT_NAME = "$(TARGET_NAME)";
				SWIFT_EMIT_LOC_STRINGS = YES;
				SWIFT_VERSION = 5.0;
				TARGETED_DEVICE_FAMILY = "1,2";
			};
			name = Release;
		};
/* End XCBuildConfiguration section */

/* Begin XCConfigurationList section */
		ED3DB97D28AA8F750093A7E9 /* Build configuration list for PBXProject "Todoey" */ = {
			isa = XCConfigurationList;
			buildConfigurations = (
				ED3DB99728AA8F770093A7E9 /* Debug */,
				ED3DB99828AA8F770093A7E9 /* Release */,
			);
			defaultConfigurationIsVisible = 0;
			defaultConfigurationName = Release;
		};
		ED3DB99928AA8F770093A7E9 /* Build configuration list for PBXNativeTarget "Todoey" */ = {
			isa = XCConfigurationList;
			buildConfigurations = (
				ED3DB99A28AA8F770093A7E9 /* Debug */,
				ED3DB99B28AA8F770093A7E9 /* Release */,
			);
			defaultConfigurationIsVisible = 0;
			defaultConfigurationName = Release;
		};
/* End XCConfigurationList section */

/* Begin XCRemoteSwiftPackageReference section */
		ED63F0DE28F04A1F00C58DDD /* XCRemoteSwiftPackageReference "realm-swift" */ = {
			isa = XCRemoteSwiftPackageReference;
			repositoryURL = "https://github.com/realm/realm-swift.git";
			requirement = {
				kind = upToNextMajorVersion;
				minimumVersion = 10.31.0;
			};
		};
/* End XCRemoteSwiftPackageReference section */

/* Begin XCSwiftPackageProductDependency section */
		ED63F0DF28F04A1F00C58DDD /* Realm */ = {
			isa = XCSwiftPackageProductDependency;
			package = ED63F0DE28F04A1F00C58DDD /* XCRemoteSwiftPackageReference "realm-swift" */;
			productName = Realm;
		};
		ED63F0E128F04A1F00C58DDD /* RealmSwift */ = {
			isa = XCSwiftPackageProductDependency;
			package = ED63F0DE28F04A1F00C58DDD /* XCRemoteSwiftPackageReference "realm-swift" */;
			productName = RealmSwift;
		};
/* End XCSwiftPackageProductDependency section */

/* Begin XCVersionGroup section */
		ED3DB98E28AA8F750093A7E9 /* Todoey.xcdatamodeld */ = {
			isa = XCVersionGroup;
			children = (
				ED3DB98F28AA8F750093A7E9 /* Todoey.xcdatamodel */,
			);
			currentVersion = ED3DB98F28AA8F750093A7E9 /* Todoey.xcdatamodel */;
			path = Todoey.xcdatamodeld;
			sourceTree = "<group>";
			versionGroupType = wrapper.xcdatamodel;
		};
/* End XCVersionGroup section */
	};
	rootObject = ED3DB97A28AA8F750093A7E9 /* Project object */;
}
